{
  "name": "webviewer-ui-issue-reproduction",
  "lockfileVersion": 3,
  "requires": true,
  "packages": {
    "": {
      "name": "webviewer-ui-issue-reproduction",
      "dependencies": {
        "@pdftron/webviewer": "11.11.0"
      }
    },
    "node_modules/@pdftron/webviewer": {
      "version": "11.11.0",
      "resolved": "https://registry.npmjs.org/@pdftron/webviewer/-/webviewer-11.11.0.tgz",
      "integrity": "sha512-KHF7ldPGOV7wpyRaAWennKVJsv6ZbGBrzD4uDsXu7UR8XGbZRCE5QpD/0S2xyKEMoLmmmUrASy6RHYts91fAsQ=="
    }
  }
}
